{
  "name": "basic-auth",
  "version": "1.0.0",
  "lockfileVersion": 3,
  "requires": true,
  "packages": {
    "": {
      "name": "basic-auth",
      "version": "1.0.0",
      "license": "ISC",
      "dependencies": {
        "@netlify/edge-functions": "^2.3.0"
      }
    },
    "node_modules/@netlify/edge-functions": {
      "version": "2.3.0",
      "resolved": "https://registry.npmjs.org/@netlify/edge-functions/-/edge-functions-2.3.0.tgz",
      "integrity": "sha512-B3Kd1Lu6N2EMRAP9+AKsAG48DoEmHO7L+YSO3PXiTvpnIPkvGe6cZrZLdRoBSapvgkR474+I8SmeWfAhCdEfGQ=="
    }
  }
}
